# Generated by pub
# See https://dart.dev/tools/pub/glossary#lockfile
packages:
  _fe_analyzer_shared:
    dependency: transitive
    description:
      name: _fe_analyzer_shared
      sha256: "4897882604d919befd350648c7f91926a9d5de99e67b455bf0917cc2362f4bb8"
      url: "https://pub.dev"
    source: hosted
    version: "47.0.0"
  analyzer:
    dependency: transitive
    description:
      name: analyzer
      sha256: "690e335554a8385bc9d787117d9eb52c0c03ee207a607e593de3c9d71b1cfe80"
      url: "https://pub.dev"
    source: hosted
    version: "4.7.0"
  archive:
    dependency: transitive
    description:
      name: archive
      sha256: ed7cc591a948744994714375caf9a2ce89e1d82e8243997c8a2994d57181c212
      url: "https://pub.dev"
    source: hosted
    version: "3.3.5"
  args:
    dependency: transitive
    description:
      name: args
      sha256: b003c3098049a51720352d219b0bb5f219b60fbfb68e7a4748139a06a5676515
      url: "https://pub.dev"
    source: hosted
    version: "2.3.1"
  asn1lib:
    dependency: transitive
    description:
      name: asn1lib
      sha256: ab96a1cb3beeccf8145c52e449233fe68364c9641623acd3adad66f8184f1039
      url: "https://pub.dev"
    source: hosted
    version: "1.4.0"
  async:
    dependency: transitive
    description:
      name: async
      sha256: bfe67ef28df125b7dddcea62755991f807aa39a2492a23e1550161692950bbe0
      url: "https://pub.dev"
    source: hosted
    version: "2.10.0"
  badges:
    dependency: "direct main"
    description:
      name: badges
      sha256: "727580d938b7a1ff47ea42df730d581415606b4224cfa708671c10287f8d3fe6"
      url: "https://pub.dev"
    source: hosted
    version: "2.0.3"
  bech32:
    dependency: "direct main"
    description:
      name: bech32
      sha256: c36ff22d905b5864cafa7a3cf5e65dd2ca26cff30db1d6a9bd1bbfa2a231e58f
      url: "https://pub.dev"
    source: hosted
    version: "0.2.1"
  bip340:
    dependency: "direct main"
    description:
      name: bip340
      sha256: "9a19f8e9bc2f2cffe973feb9701ceff1ee2af905634a0fb4ded7ef41376cf149"
      url: "https://pub.dev"
    source: hosted
    version: "0.0.4"
  boolean_selector:
    dependency: transitive
    description:
      name: boolean_selector
      sha256: "6cfb5af12253eaf2b368f07bacc5a80d1301a071c73360d746b7f2e32d762c66"
      url: "https://pub.dev"
    source: hosted
    version: "2.1.1"
  cached_network_image:
    dependency: "direct main"
    description:
      name: cached_network_image
      sha256: fd3d0dc1d451f9a252b32d95d3f0c3c487bc41a75eba2e6097cb0b9c71491b15
      url: "https://pub.dev"
    source: hosted
    version: "3.2.3"
  cached_network_image_platform_interface:
    dependency: transitive
    description:
      name: cached_network_image_platform_interface
      sha256: bb2b8403b4ccdc60ef5f25c70dead1f3d32d24b9d6117cfc087f496b178594a7
      url: "https://pub.dev"
    source: hosted
    version: "2.0.0"
  cached_network_image_web:
    dependency: transitive
    description:
      name: cached_network_image_web
      sha256: b8eb814ebfcb4dea049680f8c1ffb2df399e4d03bf7a352c775e26fa06e02fa0
      url: "https://pub.dev"
    source: hosted
    version: "1.0.2"
  characters:
    dependency: transitive
    description:
      name: characters
      sha256: e6a326c8af69605aec75ed6c187d06b349707a27fbff8222ca9cc2cff167975c
      url: "https://pub.dev"
    source: hosted
    version: "1.2.1"
  checked_yaml:
    dependency: transitive
    description:
      name: checked_yaml
      sha256: "3d1505d91afa809d177efd4eed5bb0eb65805097a1463abdd2add076effae311"
      url: "https://pub.dev"
    source: hosted
    version: "2.0.2"
  cli_util:
    dependency: transitive
    description:
      name: cli_util
      sha256: "66f86e916d285c1a93d3b79587d94bd71984a66aac4ff74e524cfa7877f1395c"
      url: "https://pub.dev"
    source: hosted
    version: "0.3.5"
  clock:
    dependency: transitive
    description:
      name: clock
      sha256: cb6d7f03e1de671e34607e909a7213e31d7752be4fb66a86d29fe1eb14bfb5cf
      url: "https://pub.dev"
    source: hosted
    version: "1.1.1"
  collection:
    dependency: transitive
    description:
      name: collection
      sha256: cfc915e6923fe5ce6e153b0723c753045de46de1b4d63771530504004a45fae0
      url: "https://pub.dev"
    source: hosted
    version: "1.17.0"
  convert:
    dependency: transitive
    description:
      name: convert
      sha256: "196284f26f69444b7f5c50692b55ec25da86d9e500451dc09333bf2e3ad69259"
      url: "https://pub.dev"
    source: hosted
    version: "3.0.2"
  coverage:
    dependency: transitive
    description:
      name: coverage
      sha256: "2fb815080e44a09b85e0f2ca8a820b15053982b2e714b59267719e8a9ff17097"
      url: "https://pub.dev"
    source: hosted
    version: "1.6.3"
  cross_local_storage:
    dependency: "direct main"
    description:
      name: cross_local_storage
      sha256: "4ea71b66c9c10bac6ae1a287620e48eeb611c63d1fd70b15940195b3f84305bd"
      url: "https://pub.dev"
    source: hosted
    version: "2.0.1"
  crypto:
    dependency: "direct main"
    description:
      name: crypto
      sha256: aa274aa7774f8964e4f4f38cc994db7b6158dd36e9187aaceaddc994b35c6c67
      url: "https://pub.dev"
    source: hosted
    version: "3.0.2"
  cupertino_icons:
    dependency: "direct main"
    description:
      name: cupertino_icons
      sha256: e35129dc44c9118cee2a5603506d823bab99c68393879edb440e0090d07586be
      url: "https://pub.dev"
    source: hosted
    version: "1.0.5"
  encrypt:
    dependency: transitive
    description:
      name: encrypt
      sha256: "4fd4e4fdc21b9d7d4141823e1e6515cd94e7b8d84749504c232999fba25d9bbb"
      url: "https://pub.dev"
    source: hosted
    version: "5.0.1"
  encrypted_shared_preferences:
    dependency: transitive
    description:
      name: encrypted_shared_preferences
      sha256: f4109e4d176a81b203ee120b79b30c1ab93dfd9eee03cac5b8c10a888c231639
      url: "https://pub.dev"
    source: hosted
    version: "3.0.1"
  fake_async:
    dependency: transitive
    description:
      name: fake_async
      sha256: "511392330127add0b769b75a987850d136345d9227c6b94c96a04cf4a391bf78"
      url: "https://pub.dev"
    source: hosted
    version: "1.3.1"
  ffi:
    dependency: transitive
    description:
      name: ffi
      sha256: a38574032c5f1dd06c4aee541789906c12ccaab8ba01446e800d9c5b79c4a978
      url: "https://pub.dev"
    source: hosted
    version: "2.0.1"
  file:
    dependency: transitive
    description:
      name: file
      sha256: "1b92bec4fc2a72f59a8e15af5f52cd441e4a7860b49499d69dfa817af20e925d"
      url: "https://pub.dev"
    source: hosted
    version: "6.1.4"
  file_picker:
    dependency: "direct main"
    description:
      name: file_picker
      sha256: d090ae03df98b0247b82e5928f44d1b959867049d18d73635e2e0bc3f49542b9
      url: "https://pub.dev"
    source: hosted
    version: "5.2.5"
  flutter:
    dependency: "direct main"
    description: flutter
    source: sdk
    version: "0.0.0"
  flutter_blurhash:
    dependency: transitive
    description:
      name: flutter_blurhash
      sha256: "05001537bd3fac7644fa6558b09ec8c0a3f2eba78c0765f88912882b1331a5c6"
      url: "https://pub.dev"
    source: hosted
    version: "0.7.0"
  flutter_cache_manager:
    dependency: transitive
    description:
      name: flutter_cache_manager
      sha256: "32cd900555219333326a2d0653aaaf8671264c29befa65bbd9856d204a4c9fb3"
      url: "https://pub.dev"
    source: hosted
    version: "3.3.0"
  flutter_hooks:
    dependency: "direct main"
    description:
      name: flutter_hooks
      sha256: "2b202559a4ed3656bbb7aae9d8b335fb0037b23acc7ae3f377d1ba0b95c21aec"
      url: "https://pub.dev"
    source: hosted
    version: "0.18.5+1"
  flutter_launcher_icons:
    dependency: "direct main"
    description:
      name: flutter_launcher_icons
      sha256: ce0e501cfc258907842238e4ca605e74b7fd1cdf04b3b43e86c43f3e40a1592c
      url: "https://pub.dev"
    source: hosted
    version: "0.11.0"
  flutter_lints:
    dependency: "direct dev"
    description:
      name: flutter_lints
      sha256: aeb0b80a8b3709709c9cc496cdc027c5b3216796bc0af0ce1007eaf24464fd4c
      url: "https://pub.dev"
    source: hosted
    version: "2.0.1"
  flutter_mentions:
    dependency: "direct main"
    description:
      name: flutter_mentions
      sha256: "86206b70e14a96c195130202f258c5764ef16f406c72613dfadbaea6bc4717d2"
      url: "https://pub.dev"
    source: hosted
    version: "2.0.1"
  flutter_plugin_android_lifecycle:
    dependency: transitive
    description:
      name: flutter_plugin_android_lifecycle
      sha256: "60fc7b78455b94e6de2333d2f95196d32cf5c22f4b0b0520a628804cb463503b"
      url: "https://pub.dev"
    source: hosted
    version: "2.0.7"
  flutter_portal:
    dependency: transitive
    description:
      name: flutter_portal
      sha256: "0e3f9428dbe9f5253b0e65cdc5ce4fa65a1d8cd6ec2a3f3770b46785aa3c57fd"
      url: "https://pub.dev"
    source: hosted
    version: "0.4.0"
  flutter_riverpod:
    dependency: transitive
    description:
      name: flutter_riverpod
      sha256: "745292ce584e0c700ba152c75330410b29cb9e4727c8efdf74e76d4f3eb5e2f9"
      url: "https://pub.dev"
    source: hosted
    version: "2.0.2"
  flutter_secure_storage:
    dependency: "direct main"
    description:
      name: flutter_secure_storage
      sha256: de957362e046bc68da8dcf6c1d922cb8bdad8dd4979ec69480cf1a3c481abe8e
      url: "https://pub.dev"
    source: hosted
    version: "6.1.0"
  flutter_secure_storage_linux:
    dependency: transitive
    description:
      name: flutter_secure_storage_linux
      sha256: "736436adaf91552433823f51ce22e098c2f0551db06b6596f58597a25b8ea797"
      url: "https://pub.dev"
    source: hosted
    version: "1.1.2"
  flutter_secure_storage_macos:
    dependency: transitive
    description:
      name: flutter_secure_storage_macos
      sha256: "388f76fd0f093e7415a39ec4c169ae7cceeee6d9f9ba529d788a13f2be4de7bd"
      url: "https://pub.dev"
    source: hosted
    version: "1.1.2"
  flutter_secure_storage_platform_interface:
    dependency: transitive
    description:
      name: flutter_secure_storage_platform_interface
      sha256: b3773190e385a3c8a382007893d678ae95462b3c2279e987b55d140d3b0cb81b
      url: "https://pub.dev"
    source: hosted
    version: "1.0.1"
  flutter_secure_storage_web:
    dependency: transitive
    description:
      name: flutter_secure_storage_web
      sha256: "42938e70d4b872e856e678c423cc0e9065d7d294f45bc41fc1981a4eb4beaffe"
      url: "https://pub.dev"
    source: hosted
    version: "1.1.1"
  flutter_secure_storage_windows:
    dependency: transitive
    description:
      name: flutter_secure_storage_windows
      sha256: ca89c8059cf439985aa83c59619b3674c7ef6cc2e86943d169a7369d6a69cab5
      url: "https://pub.dev"
    source: hosted
    version: "1.1.3"
  flutter_svg:
    dependency: "direct main"
    description:
      name: flutter_svg
      sha256: "6ff9fa12892ae074092de2fa6a9938fb21dbabfdaa2ff57dc697ff912fc8d4b2"
      url: "https://pub.dev"
    source: hosted
    version: "1.1.6"
  flutter_test:
    dependency: "direct dev"
    description: flutter
    source: sdk
    version: "0.0.0"
  flutter_web_plugins:
    dependency: transitive
    description: flutter
    source: sdk
    version: "0.0.0"
  frontend_server_client:
    dependency: transitive
    description:
      name: frontend_server_client
      sha256: "4f4a162323c86ffc1245765cfe138872b8f069deb42f7dbb36115fa27f31469b"
      url: "https://pub.dev"
    source: hosted
    version: "2.1.3"
  glob:
    dependency: transitive
    description:
      name: glob
      sha256: "4515b5b6ddb505ebdd242a5f2cc5d22d3d6a80013789debfbda7777f47ea308c"
      url: "https://pub.dev"
    source: hosted
    version: "2.1.1"
  hex:
    dependency: "direct main"
    description:
      name: hex
      sha256: "4e7cd54e4b59ba026432a6be2dd9d96e4c5205725194997193bf871703b82c4a"
      url: "https://pub.dev"
    source: hosted
    version: "0.2.0"
  hive:
    dependency: transitive
    description:
      name: hive
      sha256: "8dcf6db979d7933da8217edcec84e9df1bdb4e4edc7fc77dbd5aa74356d6d941"
      url: "https://pub.dev"
    source: hosted
    version: "2.2.3"
  hooks_riverpod:
    dependency: "direct main"
    description:
      name: hooks_riverpod
      sha256: b887fc427af89723782100bd33f9a4f055b9fb559d7a4b77b959033add0e10e2
      url: "https://pub.dev"
    source: hosted
    version: "2.0.2"
  http:
    dependency: "direct main"
    description:
      name: http
      sha256: "6aa2946395183537c8b880962d935877325d6a09a2867c3970c05c0fed6ac482"
      url: "https://pub.dev"
    source: hosted
    version: "0.13.5"
  http_multi_server:
    dependency: transitive
    description:
      name: http_multi_server
      sha256: "97486f20f9c2f7be8f514851703d0119c3596d14ea63227af6f7a481ef2b2f8b"
      url: "https://pub.dev"
    source: hosted
    version: "3.2.1"
  http_parser:
    dependency: transitive
    description:
      name: http_parser
      sha256: "2aa08ce0341cc9b354a498388e30986515406668dbcc4f7c950c3e715496693b"
      url: "https://pub.dev"
    source: hosted
    version: "4.0.2"
  image:
    dependency: transitive
    description:
      name: image
      sha256: "8e9d133755c3e84c73288363e6343157c383a0c6c56fc51afcc5d4d7180306d6"
      url: "https://pub.dev"
    source: hosted
    version: "3.3.0"
  intl:
    dependency: transitive
    description:
      name: intl
      sha256: "910f85bce16fb5c6f614e117efa303e85a1731bb0081edf3604a2ae6e9a3cc91"
      url: "https://pub.dev"
    source: hosted
    version: "0.17.0"
  io:
    dependency: transitive
    description:
      name: io
      sha256: "2ec25704aba361659e10e3e5f5d672068d332fc8ac516421d483a11e5cbd061e"
      url: "https://pub.dev"
    source: hosted
    version: "1.0.4"
  js:
    dependency: transitive
    description:
      name: js
      sha256: "5528c2f391ededb7775ec1daa69e65a2d61276f7552de2b5f7b8d34ee9fd4ab7"
      url: "https://pub.dev"
    source: hosted
    version: "0.6.5"
  json_annotation:
    dependency: transitive
    description:
      name: json_annotation
      sha256: "3520fa844009431b5d4491a5a778603520cdc399ab3406332dcc50f93547258c"
      url: "https://pub.dev"
    source: hosted
    version: "4.7.0"
  json_cache:
    dependency: "direct main"
    description:
      name: json_cache
      sha256: "3cc2818270596d31f9291481916b8060e34be502c1a6257ad99f7efd94382aac"
      url: "https://pub.dev"
    source: hosted
    version: "1.5.0"
  lints:
    dependency: transitive
    description:
      name: lints
      sha256: "5cfd6509652ff5e7fe149b6df4859e687fca9048437857cb2e65c8d780f396e3"
      url: "https://pub.dev"
    source: hosted
    version: "2.0.0"
  localstorage:
    dependency: transitive
    description:
      name: localstorage
      sha256: "93f103074c0661bc1bb90aa88e172ee2e9096ec0c4f9baf519e23372c39ca681"
      url: "https://pub.dev"
    source: hosted
    version: "4.0.0+1"
  logging:
    dependency: transitive
    description:
      name: logging
      sha256: "04094f2eb032cbb06c6f6e8d3607edcfcb0455e2bb6cbc010cb01171dcb64e6d"
      url: "https://pub.dev"
    source: hosted
    version: "1.1.1"
  lottie:
    dependency: "direct main"
    description:
      name: lottie
      sha256: "49bbc544e44bf0c734ccda29b182e3516a12f5021ea98b206cf31a168b0f97da"
      url: "https://pub.dev"
    source: hosted
    version: "2.2.0"
  matcher:
    dependency: transitive
    description:
      name: matcher
      sha256: "16db949ceee371e9b99d22f88fa3a73c4e59fd0afed0bd25fc336eb76c198b72"
      url: "https://pub.dev"
    source: hosted
    version: "0.12.13"
  material_color_utilities:
    dependency: transitive
    description:
      name: material_color_utilities
      sha256: d92141dc6fe1dad30722f9aa826c7fbc896d021d792f80678280601aff8cf724
      url: "https://pub.dev"
    source: hosted
    version: "0.2.0"
  meta:
    dependency: transitive
    description:
      name: meta
      sha256: "6c268b42ed578a53088d834796959e4a1814b5e9e164f147f580a386e5decf42"
      url: "https://pub.dev"
    source: hosted
    version: "1.8.0"
  mime:
    dependency: "direct main"
    description:
      name: mime
      sha256: e4ff8e8564c03f255408decd16e7899da1733852a9110a58fe6d1b817684a63e
      url: "https://pub.dev"
    source: hosted
    version: "1.0.4"
  mutex:
    dependency: transitive
    description:
      name: mutex
      sha256: "03116a4e46282a671b46c12de649d72c0ed18188ffe12a8d0fc63e83f4ad88f4"
      url: "https://pub.dev"
    source: hosted
    version: "3.0.1"
  node_preamble:
    dependency: transitive
    description:
      name: node_preamble
      sha256: "8ebdbaa3b96d5285d068f80772390d27c21e1fa10fb2df6627b1b9415043608d"
      url: "https://pub.dev"
    source: hosted
    version: "2.0.1"
  octo_image:
    dependency: transitive
    description:
      name: octo_image
      sha256: "107f3ed1330006a3bea63615e81cf637433f5135a52466c7caa0e7152bca9143"
      url: "https://pub.dev"
    source: hosted
    version: "1.0.2"
  package_config:
    dependency: transitive
    description:
      name: package_config
      sha256: "1c5b77ccc91e4823a5af61ee74e6b972db1ef98c2ff5a18d3161c982a55448bd"
      url: "https://pub.dev"
    source: hosted
    version: "2.1.0"
  path:
    dependency: transitive
    description:
      name: path
      sha256: db9d4f58c908a4ba5953fcee2ae317c94889433e5024c27ce74a37f94267945b
      url: "https://pub.dev"
    source: hosted
    version: "1.8.2"
  path_drawing:
    dependency: transitive
    description:
      name: path_drawing
      sha256: bbb1934c0cbb03091af082a6389ca2080345291ef07a5fa6d6e078ba8682f977
      url: "https://pub.dev"
    source: hosted
    version: "1.0.1"
  path_parsing:
    dependency: transitive
    description:
      name: path_parsing
      sha256: e3e67b1629e6f7e8100b367d3db6ba6af4b1f0bb80f64db18ef1fbabd2fa9ccf
      url: "https://pub.dev"
    source: hosted
    version: "1.0.1"
  path_provider:
    dependency: transitive
    description:
      name: path_provider
      sha256: "050e8e85e4b7fecdf2bb3682c1c64c4887a183720c802d323de8a5fd76d372dd"
      url: "https://pub.dev"
    source: hosted
    version: "2.0.11"
  path_provider_android:
    dependency: transitive
    description:
      name: path_provider_android
      sha256: a776c088d671b27f6e3aa8881d64b87b3e80201c64e8869b811325de7a76c15e
      url: "https://pub.dev"
    source: hosted
    version: "2.0.22"
  path_provider_ios:
    dependency: transitive
    description:
      name: path_provider_ios
      sha256: "03d639406f5343478352433f00d3c4394d52dac8df3d847869c5e2333e0bbce8"
      url: "https://pub.dev"
    source: hosted
    version: "2.0.11"
  path_provider_linux:
    dependency: transitive
    description:
      name: path_provider_linux
      sha256: ab0987bf95bc591da42dffb38c77398fc43309f0b9b894dcc5d6f40c4b26c379
      url: "https://pub.dev"
    source: hosted
    version: "2.1.7"
  path_provider_macos:
    dependency: transitive
    description:
      name: path_provider_macos
      sha256: "2a97e7fbb7ae9dcd0dfc1220a78e9ec3e71da691912e617e8715ff2a13086ae8"
      url: "https://pub.dev"
    source: hosted
    version: "2.0.6"
  path_provider_platform_interface:
    dependency: transitive
    description:
      name: path_provider_platform_interface
      sha256: f0abc8ebd7253741f05488b4813d936b4d07c6bae3e86148a09e342ee4b08e76
      url: "https://pub.dev"
    source: hosted
    version: "2.0.5"
  path_provider_windows:
    dependency: transitive
    description:
      name: path_provider_windows
      sha256: bcabbe399d4042b8ee687e17548d5d3f527255253b4a639f5f8d2094a9c2b45c
      url: "https://pub.dev"
    source: hosted
    version: "2.1.3"
  pedantic:
    dependency: transitive
    description:
      name: pedantic
      sha256: "67fc27ed9639506c856c840ccce7594d0bdcd91bc8d53d6e52359449a1d50602"
      url: "https://pub.dev"
    source: hosted
    version: "1.11.1"
  petitparser:
    dependency: transitive
    description:
      name: petitparser
      sha256: "49392a45ced973e8d94a85fdb21293fbb40ba805fc49f2965101ae748a3683b4"
      url: "https://pub.dev"
    source: hosted
    version: "5.1.0"
  platform:
    dependency: transitive
    description:
      name: platform
      sha256: "4a451831508d7d6ca779f7ac6e212b4023dd5a7d08a27a63da33756410e32b76"
      url: "https://pub.dev"
    source: hosted
    version: "3.1.0"
  plugin_platform_interface:
    dependency: transitive
    description:
      name: plugin_platform_interface
      sha256: dbf0f707c78beedc9200146ad3cb0ab4d5da13c246336987be6940f026500d3a
      url: "https://pub.dev"
    source: hosted
    version: "2.1.3"
  pointycastle:
    dependency: transitive
    description:
      name: pointycastle
      sha256: db7306cf0249f838d1a24af52b5a5887c5bf7f31d8bb4e827d071dc0939ad346
      url: "https://pub.dev"
    source: hosted
    version: "3.6.2"
  pool:
    dependency: transitive
    description:
      name: pool
      sha256: "20fe868b6314b322ea036ba325e6fc0711a22948856475e2c2b6306e8ab39c2a"
      url: "https://pub.dev"
    source: hosted
    version: "1.5.1"
  process:
    dependency: transitive
    description:
      name: process
      sha256: "53fd8db9cec1d37b0574e12f07520d582019cb6c44abf5479a01505099a34a09"
      url: "https://pub.dev"
    source: hosted
    version: "4.2.4"
  pub_semver:
    dependency: transitive
    description:
      name: pub_semver
      sha256: "307de764d305289ff24ad257ad5c5793ce56d04947599ad68b3baa124105fc17"
      url: "https://pub.dev"
    source: hosted
    version: "2.1.3"
  riverpod:
    dependency: transitive
    description:
      name: riverpod
      sha256: "45b636370dfb1abad56c705b6156e1ee8ed2de3fc173ae0a69ee2aa1fbcd2bac"
      url: "https://pub.dev"
    source: hosted
    version: "2.0.2"
  rxdart:
    dependency: transitive
    description:
      name: rxdart
      sha256: "0c7c0cedd93788d996e33041ffecda924cc54389199cde4e6a34b440f50044cb"
      url: "https://pub.dev"
    source: hosted
    version: "0.27.7"
  shared_preferences:
    dependency: transitive
    description:
      name: shared_preferences
      sha256: "76917b7d4b9526b2ba416808a7eb9fb2863c1a09cf63ec85f1453da240fa818a"
      url: "https://pub.dev"
    source: hosted
    version: "2.0.15"
  shared_preferences_android:
    dependency: transitive
    description:
      name: shared_preferences_android
      sha256: "8e251f3c986002b65fed6396bce81f379fb63c27317d49743cf289fd0fd1ab97"
      url: "https://pub.dev"
    source: hosted
    version: "2.0.14"
  shared_preferences_ios:
    dependency: transitive
    description:
      name: shared_preferences_ios
      sha256: "585a14cefec7da8c9c2fb8cd283a3bb726b4155c0952afe6a0caaa7b2272de34"
      url: "https://pub.dev"
    source: hosted
    version: "2.1.1"
  shared_preferences_linux:
    dependency: transitive
    description:
      name: shared_preferences_linux
      sha256: fbc3cd6826896b66a5f576b025e4f344f780c84ea7f8203097a353370607a2c8
      url: "https://pub.dev"
    source: hosted
    version: "2.1.2"
  shared_preferences_macos:
    dependency: transitive
    description:
      name: shared_preferences_macos
      sha256: fbb94bf296576f49be37a1496d5951796211a8db0aa22cc0d68c46440dad808c
      url: "https://pub.dev"
    source: hosted
    version: "2.0.4"
  shared_preferences_platform_interface:
    dependency: transitive
    description:
      name: shared_preferences_platform_interface
      sha256: da9431745ede5ece47bc26d5d73a9d3c6936ef6945c101a5aca46f62e52c1cf3
      url: "https://pub.dev"
    source: hosted
    version: "2.1.0"
  shared_preferences_web:
    dependency: transitive
    description:
      name: shared_preferences_web
      sha256: a4b5bc37fe1b368bbc81f953197d55e12f49d0296e7e412dfe2d2d77d6929958
      url: "https://pub.dev"
    source: hosted
    version: "2.0.4"
  shared_preferences_windows:
    dependency: transitive
    description:
      name: shared_preferences_windows
      sha256: "07c274c2115d4d5e4280622abb09f0980e2c5b1fcdc98ae9f59a3bad5bfc1f26"
      url: "https://pub.dev"
    source: hosted
    version: "2.1.2"
  shelf:
    dependency: transitive
    description:
      name: shelf
      sha256: c24a96135a2ccd62c64b69315a14adc5c3419df63b4d7c05832a346fdb73682c
      url: "https://pub.dev"
    source: hosted
    version: "1.4.0"
  shelf_packages_handler:
    dependency: transitive
    description:
      name: shelf_packages_handler
      sha256: aef74dc9195746a384843102142ab65b6a4735bb3beea791e63527b88cc83306
      url: "https://pub.dev"
    source: hosted
    version: "3.0.1"
  shelf_static:
    dependency: transitive
    description:
      name: shelf_static
      sha256: e792b76b96a36d4a41b819da593aff4bdd413576b3ba6150df5d8d9996d2e74c
      url: "https://pub.dev"
    source: hosted
    version: "1.1.1"
  shelf_web_socket:
    dependency: transitive
    description:
      name: shelf_web_socket
      sha256: a988c0e8d8ffbdb8a28aa7ec8e449c260f3deb808781fe1284d22c5bba7156e8
      url: "https://pub.dev"
    source: hosted
    version: "1.0.3"
  sky_engine:
    dependency: transitive
    description: flutter
    source: sdk
    version: "0.0.99"
  source_map_stack_trace:
    dependency: transitive
    description:
      name: source_map_stack_trace
      sha256: "84cf769ad83aa6bb61e0aa5a18e53aea683395f196a6f39c4c881fb90ed4f7ae"
      url: "https://pub.dev"
    source: hosted
    version: "2.1.1"
  source_maps:
    dependency: transitive
    description:
      name: source_maps
      sha256: "708b3f6b97248e5781f493b765c3337db11c5d2c81c3094f10904bfa8004c703"
      url: "https://pub.dev"
    source: hosted
    version: "0.10.12"
  source_span:
    dependency: transitive
    description:
      name: source_span
      sha256: dd904f795d4b4f3b870833847c461801f6750a9fa8e61ea5ac53f9422b31f250
      url: "https://pub.dev"
    source: hosted
    version: "1.9.1"
  sqflite:
    dependency: transitive
    description:
      name: sqflite
      sha256: "2b1697c7b78576fdc722c358f16f62171bd56e92dc13422d9e44be3fc446c276"
      url: "https://pub.dev"
    source: hosted
    version: "2.2.2"
  sqflite_common:
    dependency: transitive
    description:
      name: sqflite_common
      sha256: "0c21a187d645aa65da5be6997c0c713eed61e049158870ae2de157e6897067ab"
      url: "https://pub.dev"
    source: hosted
    version: "2.4.0+2"
  stack_trace:
    dependency: transitive
    description:
      name: stack_trace
      sha256: c3c7d8edb15bee7f0f74debd4b9c5f3c2ea86766fe4178eb2a18eb30a0bdaed5
      url: "https://pub.dev"
    source: hosted
    version: "1.11.0"
  state_notifier:
    dependency: transitive
    description:
      name: state_notifier
      sha256: "8fe42610f179b843b12371e40db58c9444f8757f8b69d181c97e50787caed289"
      url: "https://pub.dev"
    source: hosted
    version: "0.7.2+1"
  stream_channel:
    dependency: transitive
    description:
      name: stream_channel
      sha256: "83615bee9045c1d322bbbd1ba209b7a749c2cbcdcb3fdd1df8eb488b3279c1c8"
      url: "https://pub.dev"
    source: hosted
    version: "2.1.1"
  string_scanner:
    dependency: transitive
    description:
      name: string_scanner
      sha256: "556692adab6cfa87322a115640c11f13cb77b3f076ddcc5d6ae3c20242bedcde"
      url: "https://pub.dev"
    source: hosted
    version: "1.2.0"
  synchronized:
    dependency: transitive
    description:
      name: synchronized
      sha256: "7b530acd9cb7c71b0019a1e7fa22c4105e675557a4400b6a401c71c5e0ade1ac"
      url: "https://pub.dev"
    source: hosted
    version: "3.0.0+3"
  term_glyph:
    dependency: transitive
    description:
      name: term_glyph
      sha256: a29248a84fbb7c79282b40b8c72a1209db169a2e0542bce341da992fe1bc7e84
      url: "https://pub.dev"
    source: hosted
    version: "1.2.1"
  test:
    dependency: "direct dev"
    description:
      name: test
      sha256: a5fcd2d25eeadbb6589e80198a47d6a464ba3e2049da473943b8af9797900c2d
      url: "https://pub.dev"
    source: hosted
    version: "1.22.0"
  test_api:
    dependency: transitive
    description:
      name: test_api
      sha256: ad540f65f92caa91bf21dfc8ffb8c589d6e4dc0c2267818b4cc2792857706206
      url: "https://pub.dev"
    source: hosted
    version: "0.4.16"
  test_core:
    dependency: transitive
    description:
      name: test_core
      sha256: "0ef9755ec6d746951ba0aabe62f874b707690b5ede0fecc818b138fcc9b14888"
      url: "https://pub.dev"
    source: hosted
    version: "0.4.20"
  timeago:
    dependency: transitive
    description:
      name: timeago
      sha256: "46c128312ab0ea144b146c0ac6426ddd96810efec2de3fccc425d00179cd8254"
      url: "https://pub.dev"
    source: hosted
    version: "3.3.0"
  timeago_flutter:
    dependency: "direct main"
    description:
      name: timeago_flutter
      sha256: ebd9bf45b0e9088501e1243a26ce275c5810b877fc86c2618c60201ad14f6a78
      url: "https://pub.dev"
    source: hosted
    version: "1.2.0"
  typed_data:
    dependency: transitive
    description:
      name: typed_data
      sha256: "26f87ade979c47a150c9eaab93ccd2bebe70a27dc0b4b29517f2904f04eb11a5"
      url: "https://pub.dev"
    source: hosted
    version: "1.3.1"
  url_launcher:
    dependency: "direct main"
    description:
      name: url_launcher
      sha256: "3c92b0efb5e9dcb8f846aefabf9f0f739f91682ed486b991ceda51c288e60896"
      url: "https://pub.dev"
    source: hosted
    version: "6.1.7"
  url_launcher_android:
    dependency: transitive
    description:
      name: url_launcher_android
      sha256: "6f91d30ce9060c204b2dbe728adb300750fa4b228e8f7ed1b961aa1ceb728799"
      url: "https://pub.dev"
    source: hosted
    version: "6.0.22"
  url_launcher_ios:
    dependency: transitive
    description:
      name: url_launcher_ios
      sha256: "6ba7dddee26c9fae27c9203c424631109d73c8fa26cfa7bc3e35e751cb87f62e"
      url: "https://pub.dev"
    source: hosted
    version: "6.0.17"
  url_launcher_linux:
    dependency: transitive
    description:
      name: url_launcher_linux
      sha256: "360fa359ab06bcb4f7c5cd3123a2a9a4d3364d4575d27c4b33468bd4497dd094"
      url: "https://pub.dev"
    source: hosted
    version: "3.0.1"
  url_launcher_macos:
    dependency: transitive
    description:
      name: url_launcher_macos
      sha256: a9b3ea9043eabfaadfa3fb89de67a11210d85569086d22b3854484beab8b3978
      url: "https://pub.dev"
    source: hosted
    version: "3.0.1"
  url_launcher_platform_interface:
    dependency: transitive
    description:
      name: url_launcher_platform_interface
      sha256: "4eae912628763eb48fc214522e58e942fd16ce195407dbf45638239523c759a6"
      url: "https://pub.dev"
    source: hosted
    version: "2.1.1"
  url_launcher_web:
    dependency: transitive
    description:
      name: url_launcher_web
      sha256: "5669882643b96bb6d5786637cac727c6e918a790053b09245fd4513b8a07df2a"
      url: "https://pub.dev"
    source: hosted
    version: "2.0.13"
  url_launcher_windows:
    dependency: transitive
    description:
      name: url_launcher_windows
      sha256: e3c3b16d3104260c10eea3b0e34272aaa57921f83148b0619f74c2eced9b7ef1
      url: "https://pub.dev"
    source: hosted
    version: "3.0.1"
  uuid:
    dependency: "direct main"
    description:
      name: uuid
      sha256: "648e103079f7c64a36dc7d39369cabb358d377078a051d6ae2ad3aa539519313"
      url: "https://pub.dev"
    source: hosted
    version: "3.0.7"
  vector_math:
    dependency: transitive
    description:
      name: vector_math
      sha256: "80b3257d1492ce4d091729e3a67a60407d227c27241d6927be0130c98e741803"
      url: "https://pub.dev"
    source: hosted
    version: "2.1.4"
  vm_service:
    dependency: transitive
    description:
      name: vm_service
      sha256: e7fb6c2282f7631712b69c19d1bff82f3767eea33a2321c14fa59ad67ea391c7
      url: "https://pub.dev"
    source: hosted
    version: "9.4.0"
  watcher:
    dependency: transitive
    description:
      name: watcher
      sha256: "6a7f46926b01ce81bfc339da6a7f20afbe7733eff9846f6d6a5466aa4c6667c0"
      url: "https://pub.dev"
    source: hosted
    version: "1.0.2"
  web_socket_channel:
    dependency: transitive
    description:
      name: web_socket_channel
      sha256: ca49c0bc209c687b887f30527fb6a9d80040b072cc2990f34b9bec3e7663101b
      url: "https://pub.dev"
    source: hosted
    version: "2.3.0"
  webkit_inspection_protocol:
    dependency: transitive
    description:
      name: webkit_inspection_protocol
      sha256: "67d3a8b6c79e1987d19d848b0892e582dbb0c66c57cc1fef58a177dd2aa2823d"
      url: "https://pub.dev"
    source: hosted
    version: "1.2.0"
  win32:
    dependency: transitive
    description:
      name: win32
      sha256: c9ebe7ee4ab0c2194e65d3a07d8c54c5d00bb001b76081c4a04cdb8448b59e46
      url: "https://pub.dev"
    source: hosted
    version: "3.1.3"
  xdg_directories:
    dependency: transitive
    description:
      name: xdg_directories
      sha256: "11541eedefbcaec9de35aa82650b695297ce668662bbd6e3911a7fabdbde589f"
      url: "https://pub.dev"
    source: hosted
    version: "0.2.0+2"
  xml:
    dependency: transitive
    description:
      name: xml
      sha256: ac0e3f4bf00ba2708c33fbabbbe766300e509f8c82dbd4ab6525039813f7e2fb
      url: "https://pub.dev"
    source: hosted
    version: "6.1.0"
  yaml:
    dependency: transitive
    description:
      name: yaml
      sha256: "23812a9b125b48d4007117254bca50abb6c712352927eece9e155207b1db2370"
      url: "https://pub.dev"
    source: hosted
    version: "3.1.1"
sdks:
  dart: ">=2.18.0 <3.0.0"
  flutter: ">=3.3.0"
